
Microsoft Visual Studio Solution File, Format Version 12.00
# Visual Studio 2012
Project("{FAE04EC0-301F-11D3-BF4B-00C04F79EFBC}") = "Editable GridView1", "Editable GridView1\Editable GridView1.csproj", "{BB327167-2D22-4EAF-B33B-4827183F8672}"
EndProject
Project("{FAE04EC0-301F-11D3-BF4B-00C04F79EFBC}") = "Editable GridView1.Tests", "Editable GridView1.Tests\Editable GridView1.Tests.csproj", "{89B4809B-F730-4E9A-BE1B-B9593B944842}"
EndProject
Global
	GlobalSection(SolutionConfigurationPlatforms) = preSolution
		Debug|Any CPU = Debug|Any CPU
		Release|Any CPU = Release|Any CPU
	EndGlobalSection
	GlobalSection(ProjectConfigurationPlatforms) = postSolution
		{BB327167-2D22-4EAF-B33B-4827183F8672}.Debug|Any CPU.ActiveCfg = Debug|Any CPU
		{BB327167-2D22-4EAF-B33B-4827183F8672}.Debug|Any CPU.Build.0 = Debug|Any CPU
		{BB327167-2D22-4EAF-B33B-4827183F8672}.Release|Any CPU.ActiveCfg = Release|Any CPU
		{BB327167-2D22-4EAF-B33B-4827183F8672}.Release|Any CPU.Build.0 = Release|Any CPU
		{89B4809B-F730-4E9A-BE1B-B9593B944842}.Debug|Any CPU.ActiveCfg = Debug|Any CPU
		{89B4809B-F730-4E9A-BE1B-B9593B944842}.Debug|Any CPU.Build.0 = Debug|Any CPU
		{89B4809B-F730-4E9A-BE1B-B9593B944842}.Release|Any CPU.ActiveCfg = Release|Any CPU
		{89B4809B-F730-4E9A-BE1B-B9593B944842}.Release|Any CPU.Build.0 = Release|Any CPU
	EndGlobalSection
	GlobalSection(SolutionProperties) = preSolution
		HideSolutionNode = FALSE
	EndGlobalSection
EndGlobal
